
Microsoft Visual Studio Solution File, Format Version 12.00
# Visual Studio Version 17
VisualStudioVersion = 17.9.34728.123
MinimumVisualStudioVersion = 10.0.40219.1
Project("{FAE04EC0-301F-11D3-BF4B-00C04F79EFBC}") = "Pruebas", "Pruebas\Pruebas.csproj", "{F8AD5269-8DD0-4805-84EE-625046C01389}"
EndProject
Global
	GlobalSection(SolutionConfigurationPlatforms) = preSolution
		Debug|Any CPU = Debug|Any CPU
		Release|Any CPU = Release|Any CPU
	EndGlobalSection
	GlobalSection(ProjectConfigurationPlatforms) = postSolution
		{F8AD5269-8DD0-4805-84EE-625046C01389}.Debug|Any CPU.ActiveCfg = Debug|Any CPU
		{F8AD5269-8DD0-4805-84EE-625046C01389}.Debug|Any CPU.Build.0 = Debug|Any CPU
		{F8AD5269-8DD0-4805-84EE-625046C01389}.Release|Any CPU.ActiveCfg = Release|Any CPU
		{F8AD5269-8DD0-4805-84EE-625046C01389}.Release|Any CPU.Build.0 = Release|Any CPU
	EndGlobalSection
	GlobalSection(SolutionProperties) = preSolution
		HideSolutionNode = FALSE
	EndGlobalSection
	GlobalSection(ExtensibilityGlobals) = postSolution
		SolutionGuid = {FB42BD54-3C13-4F8E-8E03-AED98C4F3D8A}
	EndGlobalSection
EndGlobal
